
Microsoft Visual Studio Solution File, Format Version 12.00
# Visual Studio Version 17
VisualStudioVersion = 17.7.34221.43
MinimumVisualStudioVersion = 10.0.40219.1
Project("{FAE04EC0-301F-11D3-BF4B-00C04F79EFBC}") = "firstappglsi", "firstappglsi.csproj", "{90A60588-DED9-4AF5-8C99-1E1C58303B39}"
EndProject
Global
	GlobalSection(SolutionConfigurationPlatforms) = preSolution
		Debug|Any CPU = Debug|Any CPU
		Release|Any CPU = Release|Any CPU
	EndGlobalSection
	GlobalSection(ProjectConfigurationPlatforms) = postSolution
		{90A60588-DED9-4AF5-8C99-1E1C58303B39}.Debug|Any CPU.ActiveCfg = Debug|Any CPU
		{90A60588-DED9-4AF5-8C99-1E1C58303B39}.Debug|Any CPU.Build.0 = Debug|Any CPU
		{90A60588-DED9-4AF5-8C99-1E1C58303B39}.Release|Any CPU.ActiveCfg = Release|Any CPU
		{90A60588-DED9-4AF5-8C99-1E1C58303B39}.Release|Any CPU.Build.0 = Release|Any CPU
	EndGlobalSection
	GlobalSection(SolutionProperties) = preSolution
		HideSolutionNode = FALSE
	EndGlobalSection
	GlobalSection(ExtensibilityGlobals) = postSolution
		SolutionGuid = {A31A0748-F2C9-4595-99E4-0BFA192161A0}
	EndGlobalSection
EndGlobal
